
Microsoft Visual Studio Solution File, Format Version 12.00
# Visual Studio Version 17
VisualStudioVersion = 17.8.34330.188
MinimumVisualStudioVersion = 10.0.40219.1
Project("{FAE04EC0-301F-11D3-BF4B-00C04F79EFBC}") = "Parcial1", "Parcial1\Parcial1.csproj", "{B945991C-3896-40EF-9074-3CA9ABCAD599}"
EndProject
Global
	GlobalSection(SolutionConfigurationPlatforms) = preSolution
		Debug|Any CPU = Debug|Any CPU
		Release|Any CPU = Release|Any CPU
	EndGlobalSection
	GlobalSection(ProjectConfigurationPlatforms) = postSolution
		{B945991C-3896-40EF-9074-3CA9ABCAD599}.Debug|Any CPU.ActiveCfg = Debug|Any CPU
		{B945991C-3896-40EF-9074-3CA9ABCAD599}.Debug|Any CPU.Build.0 = Debug|Any CPU
		{B945991C-3896-40EF-9074-3CA9ABCAD599}.Release|Any CPU.ActiveCfg = Release|Any CPU
		{B945991C-3896-40EF-9074-3CA9ABCAD599}.Release|Any CPU.Build.0 = Release|Any CPU
	EndGlobalSection
	GlobalSection(SolutionProperties) = preSolution
		HideSolutionNode = FALSE
	EndGlobalSection
	GlobalSection(ExtensibilityGlobals) = postSolution
		SolutionGuid = {79B88F66-4815-4845-924F-9DD35136FD41}
	EndGlobalSection
EndGlobal
